PODS:
  - PathKit (0.9.2)
  - Stencil (0.13.1):
    - PathKit (~> 0.9.0)

DEPENDENCIES:
  - Stencil (~> 0.13.1)

SPEC REPOS:
  https://github.com/cocoapods/specs.git:
    - PathKit
    - Stencil

SPEC CHECKSUMS:
  PathKit: 273f59a38e3218eb95abd9f6a61730a8bcfd2f06
  Stencil: b5128a0a43ece9225db5cbd94d6569fe6fba609b

PODFILE CHECKSUM: 7b521c223c2d5d17d3d4830d5548688629224125

COCOAPODS: 1.6.1
