// !$*UTF8*$!
{
	archiveVersion = 1;
	classes = {
	};
	objectVersion = 52;
	objects = {

/* Begin PBXBuildFile section */
		006678D023C0A693004494DA /* main.swift in Sources */ = {isa = PBXBuildFile; fileRef = 006678CF23C0A693004494DA /* main.swift */; };
		008525AC23C786C200FB986E /* DependencyFinder.swift in Sources */ = {isa = PBXBuildFile; fileRef = 008525AB23C786C200FB986E /* DependencyFinder.swift */; };
		008B56D023C3AC9B0020E720 /* YamlParser.framework in Frameworks */ = {isa = PBXBuildFile; fileRef = 008B56C723C3AC9B0020E720 /* YamlParser.framework */; };
		008B56D923C3AC9B0020E720 /* YamlParser.h in Headers */ = {isa = PBXBuildFile; fileRef = 008B56C923C3AC9B0020E720 /* YamlParser.h */; settings = {ATTRIBUTES = (Public, ); }; };
		008B56DC23C3AC9B0020E720 /* YamlParser.framework in Frameworks */ = {isa = PBXBuildFile; fileRef = 008B56C723C3AC9B0020E720 /* YamlParser.framework */; };
		008B56DD23C3AC9B0020E720 /* YamlParser.framework in Embed Frameworks */ = {isa = PBXBuildFile; fileRef = 008B56C723C3AC9B0020E720 /* YamlParser.framework */; settings = {ATTRIBUTES = (CodeSignOnCopy, RemoveHeadersOnCopy, ); }; };
		008B56EA23C3AD070020E720 /* DependenciesFinderTests.swift in Sources */ = {isa = PBXBuildFile; fileRef = 00BA138623C39E5700B1ED7F /* DependenciesFinderTests.swift */; };
		008B56EB23C3AD190020E720 /* FileReader.swift in Sources */ = {isa = PBXBuildFile; fileRef = 00BA138823C39ECF00B1ED7F /* FileReader.swift */; };
		008B56EC23C3AD240020E720 /* rendezvous.yaml in Resources */ = {isa = PBXBuildFile; fileRef = 00BA137B23C3756500B1ED7F /* rendezvous.yaml */; };
		008B56F923C3BBEE0020E720 /* RendesvousModel.swift in Sources */ = {isa = PBXBuildFile; fileRef = 008B56F823C3BBEE0020E720 /* RendesvousModel.swift */; };
		00AA961123C26D22000CBC66 /* surfMiddleApi.yaml in Resources */ = {isa = PBXBuildFile; fileRef = 00AA961023C26D22000CBC66 /* surfMiddleApi.yaml */; };
		00AA961323C26E39000CBC66 /* Zenit_WebAPI.yaml in Resources */ = {isa = PBXBuildFile; fileRef = 00AA961223C26E39000CBC66 /* Zenit_WebAPI.yaml */; };
		00D09F1A23D4C5A30096DF0D /* Constants.swift in Sources */ = {isa = PBXBuildFile; fileRef = 00D09F0223D4C5A20096DF0D /* Constants.swift */; };
		00D09F1B23D4C5A30096DF0D /* TypeNodeParser.swift in Sources */ = {isa = PBXBuildFile; fileRef = 00D09F0323D4C5A20096DF0D /* TypeNodeParser.swift */; };
		00D09F1C23D4C5A30096DF0D /* ModelsType.swift in Sources */ = {isa = PBXBuildFile; fileRef = 00D09F0423D4C5A20096DF0D /* ModelsType.swift */; };
		00D09F1D23D4C5A30096DF0D /* DeclNodeParser.swift in Sources */ = {isa = PBXBuildFile; fileRef = 00D09F0523D4C5A20096DF0D /* DeclNodeParser.swift */; };
		00D09F1E23D4C5A30096DF0D /* GenerationError.swift in Sources */ = {isa = PBXBuildFile; fileRef = 00D09F0623D4C5A20096DF0D /* GenerationError.swift */; };
		00D09F1F23D4C5A30096DF0D /* Templates.swift in Sources */ = {isa = PBXBuildFile; fileRef = 00D09F0723D4C5A20096DF0D /* Templates.swift */; };
		00D09F2023D4C5A30096DF0D /* ASTToken.swift in Sources */ = {isa = PBXBuildFile; fileRef = 00D09F0923D4C5A20096DF0D /* ASTToken.swift */; };
		00D09F2123D4C5A30096DF0D /* ASTNode.swift in Sources */ = {isa = PBXBuildFile; fileRef = 00D09F0A23D4C5A20096DF0D /* ASTNode.swift */; };
		00D09F2223D4C5A30096DF0D /* DTOBuilder.swift in Sources */ = {isa = PBXBuildFile; fileRef = 00D09F0C23D4C5A30096DF0D /* DTOBuilder.swift */; };
		00D09F2323D4C5A30096DF0D /* TypeNameBuilder.swift in Sources */ = {isa = PBXBuildFile; fileRef = 00D09F0D23D4C5A30096DF0D /* TypeNameBuilder.swift */; };
		00D09F2423D4C5A30096DF0D /* ToDTOBuilder.swift in Sources */ = {isa = PBXBuildFile; fileRef = 00D09F0E23D4C5A30096DF0D /* ToDTOBuilder.swift */; };
		00D09F2523D4C5A30096DF0D /* FromDTOBuilder.swift in Sources */ = {isa = PBXBuildFile; fileRef = 00D09F0F23D4C5A30096DF0D /* FromDTOBuilder.swift */; };
		00D09F2623D4C5A30096DF0D /* StencilExtension.swift in Sources */ = {isa = PBXBuildFile; fileRef = 00D09F1123D4C5A30096DF0D /* StencilExtension.swift */; };
		00D09F2723D4C5A30096DF0D /* BoolExtension.swift in Sources */ = {isa = PBXBuildFile; fileRef = 00D09F1223D4C5A30096DF0D /* BoolExtension.swift */; };
		00D09F2823D4C5A30096DF0D /* StringExtension.swift in Sources */ = {isa = PBXBuildFile; fileRef = 00D09F1323D4C5A30096DF0D /* StringExtension.swift */; };
		00D09F2923D4C5A30096DF0D /* RootGenerator.swift in Sources */ = {isa = PBXBuildFile; fileRef = 00D09F1523D4C5A30096DF0D /* RootGenerator.swift */; };
		00D09F2A23D4C5A30096DF0D /* PropertyGenerator.swift in Sources */ = {isa = PBXBuildFile; fileRef = 00D09F1623D4C5A30096DF0D /* PropertyGenerator.swift */; };
		00D09F2B23D4C5A30096DF0D /* EntityGenerator.swift in Sources */ = {isa = PBXBuildFile; fileRef = 00D09F1723D4C5A30096DF0D /* EntityGenerator.swift */; };
		00D09F2C23D4C5A30096DF0D /* EntryGenerator.swift in Sources */ = {isa = PBXBuildFile; fileRef = 00D09F1823D4C5A30096DF0D /* EntryGenerator.swift */; };
		00D09F2F23D4C5E90096DF0D /* Templates.bundle in Resources */ = {isa = PBXBuildFile; fileRef = 00D09F2E23D4C5E90096DF0D /* Templates.bundle */; };
		00D09F4A23D4C60C0096DF0D /* ShopEntry.txt in Resources */ = {isa = PBXBuildFile; fileRef = 00D09F3323D4C60C0096DF0D /* ShopEntry.txt */; };
		00D09F4B23D4C60C0096DF0D /* ShopLocationEntry.txt in Resources */ = {isa = PBXBuildFile; fileRef = 00D09F3423D4C60C0096DF0D /* ShopLocationEntry.txt */; };
		00D09F4C23D4C60C0096DF0D /* ContactTokenEntry.txt in Resources */ = {isa = PBXBuildFile; fileRef = 00D09F3523D4C60C0096DF0D /* ContactTokenEntry.txt */; };
		00D09F4D23D4C60C0096DF0D /* ProfileCustomDataEntry.txt in Resources */ = {isa = PBXBuildFile; fileRef = 00D09F3623D4C60C0096DF0D /* ProfileCustomDataEntry.txt */; };
		00D09F4E23D4C60C0096DF0D /* ContactTokenEntity.txt in Resources */ = {isa = PBXBuildFile; fileRef = 00D09F3823D4C60C0096DF0D /* ContactTokenEntity.txt */; };
		00D09F4F23D4C60C0096DF0D /* ProfileCustomDataEntity.txt in Resources */ = {isa = PBXBuildFile; fileRef = 00D09F3923D4C60C0096DF0D /* ProfileCustomDataEntity.txt */; };
		00D09F5023D4C60C0096DF0D /* ShopLocationEntity.txt in Resources */ = {isa = PBXBuildFile; fileRef = 00D09F3A23D4C60C0096DF0D /* ShopLocationEntity.txt */; };
		00D09F5123D4C60C0096DF0D /* ShopEntity.txt in Resources */ = {isa = PBXBuildFile; fileRef = 00D09F3B23D4C60C0096DF0D /* ShopEntity.txt */; };
		00D09F5223D4C60C0096DF0D /* DeclNodeParser.swift in Sources */ = {isa = PBXBuildFile; fileRef = 00D09F3C23D4C60C0096DF0D /* DeclNodeParser.swift */; };
		00D09F5323D4C60C0096DF0D /* ModelsGenerationTests.swift in Sources */ = {isa = PBXBuildFile; fileRef = 00D09F3D23D4C60C0096DF0D /* ModelsGenerationTests.swift */; };
		00D09F5423D4C60C0096DF0D /* PropertyGeneratorTests.swift in Sources */ = {isa = PBXBuildFile; fileRef = 00D09F3E23D4C60C0096DF0D /* PropertyGeneratorTests.swift */; };
		00D09F5523D4C60C0096DF0D /* TypeNodeParserTests.swift in Sources */ = {isa = PBXBuildFile; fileRef = 00D09F3F23D4C60C0096DF0D /* TypeNodeParserTests.swift */; };
		00D09F5623D4C60C0096DF0D /* NodeCreation.swift in Sources */ = {isa = PBXBuildFile; fileRef = 00D09F4123D4C60C0096DF0D /* NodeCreation.swift */; };
		00D09F5723D4C60C0096DF0D /* NodesBuilder.swift in Sources */ = {isa = PBXBuildFile; fileRef = 00D09F4223D4C60C0096DF0D /* NodesBuilder.swift */; };
		00D09F5823D4C60C0096DF0D /* XCTestExtension.swift in Sources */ = {isa = PBXBuildFile; fileRef = 00D09F4323D4C60C0096DF0D /* XCTestExtension.swift */; };
		00D09F5923D4C60C0096DF0D /* TestModels.swift in Sources */ = {isa = PBXBuildFile; fileRef = 00D09F4423D4C60C0096DF0D /* TestModels.swift */; };
		00D09F5A23D4C60C0096DF0D /* FileReader.swift in Sources */ = {isa = PBXBuildFile; fileRef = 00D09F4523D4C60C0096DF0D /* FileReader.swift */; };
		00D09F5B23D4C60C0096DF0D /* FromDTOBuilderTests.swift in Sources */ = {isa = PBXBuildFile; fileRef = 00D09F4723D4C60C0096DF0D /* FromDTOBuilderTests.swift */; };
		00D09F5C23D4C60C0096DF0D /* TypeNameBuilderTests.swift in Sources */ = {isa = PBXBuildFile; fileRef = 00D09F4823D4C60C0096DF0D /* TypeNameBuilderTests.swift */; };
		00D09F5D23D4C60C0096DF0D /* ToDTOBuilderTests.swift in Sources */ = {isa = PBXBuildFile; fileRef = 00D09F4923D4C60C0096DF0D /* ToDTOBuilderTests.swift */; };
		00F2A62F23CA27470002259B /* AliasFinder.swift in Sources */ = {isa = PBXBuildFile; fileRef = 00F2A62E23CA27470002259B /* AliasFinder.swift */; };
		00FB140A23D46BDF00B426D7 /* SurfGenKit.framework in Frameworks */ = {isa = PBXBuildFile; fileRef = 00FB140123D46BDF00B426D7 /* SurfGenKit.framework */; };
		00FB141323D46BDF00B426D7 /* SurfGenKit.h in Headers */ = {isa = PBXBuildFile; fileRef = 00FB140323D46BDF00B426D7 /* SurfGenKit.h */; settings = {ATTRIBUTES = (Public, ); }; };
		00FB141723D46BDF00B426D7 /* SurfGenKit.framework in Embed Frameworks */ = {isa = PBXBuildFile; fileRef = 00FB140123D46BDF00B426D7 /* SurfGenKit.framework */; settings = {ATTRIBUTES = (CodeSignOnCopy, RemoveHeadersOnCopy, ); }; };
		00FB144D23D46CA400B426D7 /* Stencil in Frameworks */ = {isa = PBXBuildFile; productRef = 00FB144C23D46CA400B426D7 /* Stencil */; };
		00FB147E23D46FB200B426D7 /* SurfGenKit.framework in Frameworks */ = {isa = PBXBuildFile; fileRef = 00FB140123D46BDF00B426D7 /* SurfGenKit.framework */; };
		00FB148023D4712F00B426D7 /* GASTBuilder.swift in Sources */ = {isa = PBXBuildFile; fileRef = 00FB147F23D4712F00B426D7 /* GASTBuilder.swift */; };
		00FB14AD23D4B99300B426D7 /* SchemaTypeExtension.swift in Sources */ = {isa = PBXBuildFile; fileRef = 00FB14AC23D4B99300B426D7 /* SchemaTypeExtension.swift */; };
		00FB14AF23D4BA3900B426D7 /* AliasReplacer.swift in Sources */ = {isa = PBXBuildFile; fileRef = 00FB14AE23D4BA3900B426D7 /* AliasReplacer.swift */; };
		00FB14B323D4BB9600B426D7 /* GroupReplacer.swift in Sources */ = {isa = PBXBuildFile; fileRef = 00FB14B223D4BB9600B426D7 /* GroupReplacer.swift */; };
		00FB14B523D4C05500B426D7 /* ArrayExtension.swift in Sources */ = {isa = PBXBuildFile; fileRef = 00FB14B423D4C05500B426D7 /* ArrayExtension.swift */; };
		00FB14B723D4C18300B426D7 /* YamlParser.swift in Sources */ = {isa = PBXBuildFile; fileRef = 00FB14B623D4C18300B426D7 /* YamlParser.swift */; };
		00FFA79123E5E2D70026E77A /* GenerateCommand.swift in Sources */ = {isa = PBXBuildFile; fileRef = 00FFA79023E5E2D70026E77A /* GenerateCommand.swift */; };
		860FA4E723CBCC4A00649940 /* PropertiesFinder.swift in Sources */ = {isa = PBXBuildFile; fileRef = 860FA4E623CBCC4A00649940 /* PropertiesFinder.swift */; };
		860FA4E923CBCCEB00649940 /* PropertiesFinderTests.swift in Sources */ = {isa = PBXBuildFile; fileRef = 860FA4E823CBCCEB00649940 /* PropertiesFinderTests.swift */; };
		860FA52223D256B300649940 /* Swagger in Frameworks */ = {isa = PBXBuildFile; productRef = 860FA52123D256B300649940 /* Swagger */; };
		860FA52423D256BB00649940 /* Swagger in Frameworks */ = {isa = PBXBuildFile; productRef = 860FA52323D256BB00649940 /* Swagger */; };
		8648406D23DE36BB008267A7 /* SwiftCLI in Frameworks */ = {isa = PBXBuildFile; productRef = 8648406C23DE36BB008267A7 /* SwiftCLI */; };
/* End PBXBuildFile section */

/* Begin PBXContainerItemProxy section */
		008B56D123C3AC9B0020E720 /* PBXContainerItemProxy */ = {
			isa = PBXContainerItemProxy;
			containerPortal = 006678B423C0A121004494DA /* Project object */;
			proxyType = 1;
			remoteGlobalIDString = 008B56C623C3AC9B0020E720;
			remoteInfo = YamlParser;
		};
		008B56D323C3AC9B0020E720 /* PBXContainerItemProxy */ = {
			isa = PBXContainerItemProxy;
			containerPortal = 006678B423C0A121004494DA /* Project object */;
			proxyType = 1;
			remoteGlobalIDString = 006678BB23C0A121004494DA;
			remoteInfo = surfgen;
		};
		008B56DA23C3AC9B0020E720 /* PBXContainerItemProxy */ = {
			isa = PBXContainerItemProxy;
			containerPortal = 006678B423C0A121004494DA /* Project object */;
			proxyType = 1;
			remoteGlobalIDString = 008B56C623C3AC9B0020E720;
			remoteInfo = YamlParser;
		};
		00FB140B23D46BDF00B426D7 /* PBXContainerItemProxy */ = {
			isa = PBXContainerItemProxy;
			containerPortal = 006678B423C0A121004494DA /* Project object */;
			proxyType = 1;
			remoteGlobalIDString = 00FB140023D46BDF00B426D7;
			remoteInfo = SurfGenKit;
		};
		00FB140D23D46BDF00B426D7 /* PBXContainerItemProxy */ = {
			isa = PBXContainerItemProxy;
			containerPortal = 006678B423C0A121004494DA /* Project object */;
			proxyType = 1;
			remoteGlobalIDString = 006678BB23C0A121004494DA;
			remoteInfo = surfgen;
		};
		00FB141423D46BDF00B426D7 /* PBXContainerItemProxy */ = {
			isa = PBXContainerItemProxy;
			containerPortal = 006678B423C0A121004494DA /* Project object */;
			proxyType = 1;
			remoteGlobalIDString = 00FB140023D46BDF00B426D7;
			remoteInfo = SurfGenKit;
		};
/* End PBXContainerItemProxy section */

/* Begin PBXCopyFilesBuildPhase section */
		0005293323C0AFD000856E2F /* Embed Frameworks */ = {
			isa = PBXCopyFilesBuildPhase;
			buildActionMask = 12;
			dstPath = "";
			dstSubfolderSpec = 10;
			files = (
				008B56DD23C3AC9B0020E720 /* YamlParser.framework in Embed Frameworks */,
				00FB141723D46BDF00B426D7 /* SurfGenKit.framework in Embed Frameworks */,
			);
			name = "Embed Frameworks";
			runOnlyForDeploymentPostprocessing = 0;
		};
/* End PBXCopyFilesBuildPhase section */

/* Begin PBXFileReference section */
		006678BC23C0A121004494DA /* surfgen.app */ = {isa = PBXFileReference; explicitFileType = wrapper.application; includeInIndex = 0; path = surfgen.app; sourceTree = BUILT_PRODUCTS_DIR; };
		006678C823C0A121004494DA /* Info.plist */ = {isa = PBXFileReference; lastKnownFileType = text.plist.xml; path = Info.plist; sourceTree = "<group>"; };
		006678CF23C0A693004494DA /* main.swift */ = {isa = PBXFileReference; lastKnownFileType = sourcecode.swift; path = main.swift; sourceTree = "<group>"; };
		008525AB23C786C200FB986E /* DependencyFinder.swift */ = {isa = PBXFileReference; lastKnownFileType = sourcecode.swift; path = DependencyFinder.swift; sourceTree = "<group>"; };
		008B56C723C3AC9B0020E720 /* YamlParser.framework */ = {isa = PBXFileReference; explicitFileType = wrapper.framework; includeInIndex = 0; path = YamlParser.framework; sourceTree = BUILT_PRODUCTS_DIR; };
		008B56C923C3AC9B0020E720 /* YamlParser.h */ = {isa = PBXFileReference; lastKnownFileType = sourcecode.c.h; path = YamlParser.h; sourceTree = "<group>"; };
		008B56CA23C3AC9B0020E720 /* Info.plist */ = {isa = PBXFileReference; lastKnownFileType = text.plist.xml; path = Info.plist; sourceTree = "<group>"; };
		008B56CF23C3AC9B0020E720 /* YamlParserTests.xctest */ = {isa = PBXFileReference; explicitFileType = wrapper.cfbundle; includeInIndex = 0; path = YamlParserTests.xctest; sourceTree = BUILT_PRODUCTS_DIR; };
		008B56D823C3AC9B0020E720 /* Info.plist */ = {isa = PBXFileReference; lastKnownFileType = text.plist.xml; path = Info.plist; sourceTree = "<group>"; };
		008B56F823C3BBEE0020E720 /* RendesvousModel.swift */ = {isa = PBXFileReference; lastKnownFileType = sourcecode.swift; path = RendesvousModel.swift; sourceTree = "<group>"; };
		00AA961023C26D22000CBC66 /* surfMiddleApi.yaml */ = {isa = PBXFileReference; fileEncoding = 4; lastKnownFileType = text.yaml; path = surfMiddleApi.yaml; sourceTree = "<group>"; };
		00AA961223C26E39000CBC66 /* Zenit_WebAPI.yaml */ = {isa = PBXFileReference; fileEncoding = 4; lastKnownFileType = text.yaml; path = Zenit_WebAPI.yaml; sourceTree = "<group>"; };
		00BA137B23C3756500B1ED7F /* rendezvous.yaml */ = {isa = PBXFileReference; fileEncoding = 4; lastKnownFileType = text.yaml; path = rendezvous.yaml; sourceTree = "<group>"; };
		00BA138623C39E5700B1ED7F /* DependenciesFinderTests.swift */ = {isa = PBXFileReference; lastKnownFileType = sourcecode.swift; path = DependenciesFinderTests.swift; sourceTree = "<group>"; };
		00BA138823C39ECF00B1ED7F /* FileReader.swift */ = {isa = PBXFileReference; lastKnownFileType = sourcecode.swift; path = FileReader.swift; sourceTree = "<group>"; };
		00D09F0223D4C5A20096DF0D /* Constants.swift */ = {isa = PBXFileReference; fileEncoding = 4; lastKnownFileType = sourcecode.swift; path = Constants.swift; sourceTree = "<group>"; };
		00D09F0323D4C5A20096DF0D /* TypeNodeParser.swift */ = {isa = PBXFileReference; fileEncoding = 4; lastKnownFileType = sourcecode.swift; path = TypeNodeParser.swift; sourceTree = "<group>"; };
		00D09F0423D4C5A20096DF0D /* ModelsType.swift */ = {isa = PBXFileReference; fileEncoding = 4; lastKnownFileType = sourcecode.swift; path = ModelsType.swift; sourceTree = "<group>"; };
		00D09F0523D4C5A20096DF0D /* DeclNodeParser.swift */ = {isa = PBXFileReference; fileEncoding = 4; lastKnownFileType = sourcecode.swift; path = DeclNodeParser.swift; sourceTree = "<group>"; };
		00D09F0623D4C5A20096DF0D /* GenerationError.swift */ = {isa = PBXFileReference; fileEncoding = 4; lastKnownFileType = sourcecode.swift; path = GenerationError.swift; sourceTree = "<group>"; };
		00D09F0723D4C5A20096DF0D /* Templates.swift */ = {isa = PBXFileReference; fileEncoding = 4; lastKnownFileType = sourcecode.swift; path = Templates.swift; sourceTree = "<group>"; };
		00D09F0923D4C5A20096DF0D /* ASTToken.swift */ = {isa = PBXFileReference; fileEncoding = 4; lastKnownFileType = sourcecode.swift; path = ASTToken.swift; sourceTree = "<group>"; };
		00D09F0A23D4C5A20096DF0D /* ASTNode.swift */ = {isa = PBXFileReference; fileEncoding = 4; lastKnownFileType = sourcecode.swift; path = ASTNode.swift; sourceTree = "<group>"; };
		00D09F0C23D4C5A30096DF0D /* DTOBuilder.swift */ = {isa = PBXFileReference; fileEncoding = 4; lastKnownFileType = sourcecode.swift; path = DTOBuilder.swift; sourceTree = "<group>"; };
		00D09F0D23D4C5A30096DF0D /* TypeNameBuilder.swift */ = {isa = PBXFileReference; fileEncoding = 4; lastKnownFileType = sourcecode.swift; path = TypeNameBuilder.swift; sourceTree = "<group>"; };
		00D09F0E23D4C5A30096DF0D /* ToDTOBuilder.swift */ = {isa = PBXFileReference; fileEncoding = 4; lastKnownFileType = sourcecode.swift; path = ToDTOBuilder.swift; sourceTree = "<group>"; };
		00D09F0F23D4C5A30096DF0D /* FromDTOBuilder.swift */ = {isa = PBXFileReference; fileEncoding = 4; lastKnownFileType = sourcecode.swift; path = FromDTOBuilder.swift; sourceTree = "<group>"; };
		00D09F1123D4C5A30096DF0D /* StencilExtension.swift */ = {isa = PBXFileReference; fileEncoding = 4; lastKnownFileType = sourcecode.swift; path = StencilExtension.swift; sourceTree = "<group>"; };
		00D09F1223D4C5A30096DF0D /* BoolExtension.swift */ = {isa = PBXFileReference; fileEncoding = 4; lastKnownFileType = sourcecode.swift; path = BoolExtension.swift; sourceTree = "<group>"; };
		00D09F1323D4C5A30096DF0D /* StringExtension.swift */ = {isa = PBXFileReference; fileEncoding = 4; lastKnownFileType = sourcecode.swift; path = StringExtension.swift; sourceTree = "<group>"; };
		00D09F1523D4C5A30096DF0D /* RootGenerator.swift */ = {isa = PBXFileReference; fileEncoding = 4; lastKnownFileType = sourcecode.swift; path = RootGenerator.swift; sourceTree = "<group>"; };
		00D09F1623D4C5A30096DF0D /* PropertyGenerator.swift */ = {isa = PBXFileReference; fileEncoding = 4; lastKnownFileType = sourcecode.swift; path = PropertyGenerator.swift; sourceTree = "<group>"; };
		00D09F1723D4C5A30096DF0D /* EntityGenerator.swift */ = {isa = PBXFileReference; fileEncoding = 4; lastKnownFileType = sourcecode.swift; path = EntityGenerator.swift; sourceTree = "<group>"; };
		00D09F1823D4C5A30096DF0D /* EntryGenerator.swift */ = {isa = PBXFileReference; fileEncoding = 4; lastKnownFileType = sourcecode.swift; path = EntryGenerator.swift; sourceTree = "<group>"; };
		00D09F2E23D4C5E90096DF0D /* Templates.bundle */ = {isa = PBXFileReference; lastKnownFileType = "wrapper.plug-in"; path = Templates.bundle; sourceTree = "<group>"; };
		00D09F3323D4C60C0096DF0D /* ShopEntry.txt */ = {isa = PBXFileReference; fileEncoding = 4; lastKnownFileType = text; path = ShopEntry.txt; sourceTree = "<group>"; };
		00D09F3423D4C60C0096DF0D /* ShopLocationEntry.txt */ = {isa = PBXFileReference; fileEncoding = 4; lastKnownFileType = text; path = ShopLocationEntry.txt; sourceTree = "<group>"; };
		00D09F3523D4C60C0096DF0D /* ContactTokenEntry.txt */ = {isa = PBXFileReference; fileEncoding = 4; lastKnownFileType = text; path = ContactTokenEntry.txt; sourceTree = "<group>"; };
		00D09F3623D4C60C0096DF0D /* ProfileCustomDataEntry.txt */ = {isa = PBXFileReference; fileEncoding = 4; lastKnownFileType = text; path = ProfileCustomDataEntry.txt; sourceTree = "<group>"; };
		00D09F3823D4C60C0096DF0D /* ContactTokenEntity.txt */ = {isa = PBXFileReference; fileEncoding = 4; lastKnownFileType = text; path = ContactTokenEntity.txt; sourceTree = "<group>"; };
		00D09F3923D4C60C0096DF0D /* ProfileCustomDataEntity.txt */ = {isa = PBXFileReference; fileEncoding = 4; lastKnownFileType = text; path = ProfileCustomDataEntity.txt; sourceTree = "<group>"; };
		00D09F3A23D4C60C0096DF0D /* ShopLocationEntity.txt */ = {isa = PBXFileReference; fileEncoding = 4; lastKnownFileType = text; path = ShopLocationEntity.txt; sourceTree = "<group>"; };
		00D09F3B23D4C60C0096DF0D /* ShopEntity.txt */ = {isa = PBXFileReference; fileEncoding = 4; lastKnownFileType = text; path = ShopEntity.txt; sourceTree = "<group>"; };
		00D09F3C23D4C60C0096DF0D /* DeclNodeParser.swift */ = {isa = PBXFileReference; fileEncoding = 4; lastKnownFileType = sourcecode.swift; path = DeclNodeParser.swift; sourceTree = "<group>"; };
		00D09F3D23D4C60C0096DF0D /* ModelsGenerationTests.swift */ = {isa = PBXFileReference; fileEncoding = 4; lastKnownFileType = sourcecode.swift; path = ModelsGenerationTests.swift; sourceTree = "<group>"; };
		00D09F3E23D4C60C0096DF0D /* PropertyGeneratorTests.swift */ = {isa = PBXFileReference; fileEncoding = 4; lastKnownFileType = sourcecode.swift; path = PropertyGeneratorTests.swift; sourceTree = "<group>"; };
		00D09F3F23D4C60C0096DF0D /* TypeNodeParserTests.swift */ = {isa = PBXFileReference; fileEncoding = 4; lastKnownFileType = sourcecode.swift; path = TypeNodeParserTests.swift; sourceTree = "<group>"; };
		00D09F4123D4C60C0096DF0D /* NodeCreation.swift */ = {isa = PBXFileReference; fileEncoding = 4; lastKnownFileType = sourcecode.swift; path = NodeCreation.swift; sourceTree = "<group>"; };
		00D09F4223D4C60C0096DF0D /* NodesBuilder.swift */ = {isa = PBXFileReference; fileEncoding = 4; lastKnownFileType = sourcecode.swift; path = NodesBuilder.swift; sourceTree = "<group>"; };
		00D09F4323D4C60C0096DF0D /* XCTestExtension.swift */ = {isa = PBXFileReference; fileEncoding = 4; lastKnownFileType = sourcecode.swift; path = XCTestExtension.swift; sourceTree = "<group>"; };
		00D09F4423D4C60C0096DF0D /* TestModels.swift */ = {isa = PBXFileReference; fileEncoding = 4; lastKnownFileType = sourcecode.swift; path = TestModels.swift; sourceTree = "<group>"; };
		00D09F4523D4C60C0096DF0D /* FileReader.swift */ = {isa = PBXFileReference; fileEncoding = 4; lastKnownFileType = sourcecode.swift; path = FileReader.swift; sourceTree = "<group>"; };
		00D09F4723D4C60C0096DF0D /* FromDTOBuilderTests.swift */ = {isa = PBXFileReference; fileEncoding = 4; lastKnownFileType = sourcecode.swift; path = FromDTOBuilderTests.swift; sourceTree = "<group>"; };
		00D09F4823D4C60C0096DF0D /* TypeNameBuilderTests.swift */ = {isa = PBXFileReference; fileEncoding = 4; lastKnownFileType = sourcecode.swift; path = TypeNameBuilderTests.swift; sourceTree = "<group>"; };
		00D09F4923D4C60C0096DF0D /* ToDTOBuilderTests.swift */ = {isa = PBXFileReference; fileEncoding = 4; lastKnownFileType = sourcecode.swift; path = ToDTOBuilderTests.swift; sourceTree = "<group>"; };
		00F2A62E23CA27470002259B /* AliasFinder.swift */ = {isa = PBXFileReference; lastKnownFileType = sourcecode.swift; path = AliasFinder.swift; sourceTree = "<group>"; };
		00FB140123D46BDF00B426D7 /* SurfGenKit.framework */ = {isa = PBXFileReference; explicitFileType = wrapper.framework; includeInIndex = 0; path = SurfGenKit.framework; sourceTree = BUILT_PRODUCTS_DIR; };
		00FB140323D46BDF00B426D7 /* SurfGenKit.h */ = {isa = PBXFileReference; lastKnownFileType = sourcecode.c.h; path = SurfGenKit.h; sourceTree = "<group>"; };
		00FB140423D46BDF00B426D7 /* Info.plist */ = {isa = PBXFileReference; lastKnownFileType = text.plist.xml; path = Info.plist; sourceTree = "<group>"; };
		00FB140923D46BDF00B426D7 /* SurfGenKitTests.xctest */ = {isa = PBXFileReference; explicitFileType = wrapper.cfbundle; includeInIndex = 0; path = SurfGenKitTests.xctest; sourceTree = BUILT_PRODUCTS_DIR; };
		00FB141223D46BDF00B426D7 /* Info.plist */ = {isa = PBXFileReference; lastKnownFileType = text.plist.xml; path = Info.plist; sourceTree = "<group>"; };
		00FB147F23D4712F00B426D7 /* GASTBuilder.swift */ = {isa = PBXFileReference; lastKnownFileType = sourcecode.swift; path = GASTBuilder.swift; sourceTree = "<group>"; };
		00FB14AC23D4B99300B426D7 /* SchemaTypeExtension.swift */ = {isa = PBXFileReference; lastKnownFileType = sourcecode.swift; path = SchemaTypeExtension.swift; sourceTree = "<group>"; };
		00FB14AE23D4BA3900B426D7 /* AliasReplacer.swift */ = {isa = PBXFileReference; lastKnownFileType = sourcecode.swift; path = AliasReplacer.swift; sourceTree = "<group>"; };
		00FB14B223D4BB9600B426D7 /* GroupReplacer.swift */ = {isa = PBXFileReference; lastKnownFileType = sourcecode.swift; path = GroupReplacer.swift; sourceTree = "<group>"; };
		00FB14B423D4C05500B426D7 /* ArrayExtension.swift */ = {isa = PBXFileReference; lastKnownFileType = sourcecode.swift; path = ArrayExtension.swift; sourceTree = "<group>"; };
		00FB14B623D4C18300B426D7 /* YamlParser.swift */ = {isa = PBXFileReference; lastKnownFileType = sourcecode.swift; path = YamlParser.swift; sourceTree = "<group>"; };
		00FFA79023E5E2D70026E77A /* GenerateCommand.swift */ = {isa = PBXFileReference; fileEncoding = 4; lastKnownFileType = sourcecode.swift; path = GenerateCommand.swift; sourceTree = "<group>"; };
		860FA4E623CBCC4A00649940 /* PropertiesFinder.swift */ = {isa = PBXFileReference; lastKnownFileType = sourcecode.swift; path = PropertiesFinder.swift; sourceTree = "<group>"; };
		860FA4E823CBCCEB00649940 /* PropertiesFinderTests.swift */ = {isa = PBXFileReference; lastKnownFileType = sourcecode.swift; path = PropertiesFinderTests.swift; sourceTree = "<group>"; };
		8648406E23DE38ED008267A7 /* surfgen.entitlements */ = {isa = PBXFileReference; lastKnownFileType = text.plist.entitlements; path = surfgen.entitlements; sourceTree = "<group>"; };
/* End PBXFileReference section */

/* Begin PBXFrameworksBuildPhase section */
		006678B923C0A121004494DA /* Frameworks */ = {
			isa = PBXFrameworksBuildPhase;
			buildActionMask = 2147483647;
			files = (
				8648406D23DE36BB008267A7 /* SwiftCLI in Frameworks */,
				008B56DC23C3AC9B0020E720 /* YamlParser.framework in Frameworks */,
				860FA52223D256B300649940 /* Swagger in Frameworks */,
			);
			runOnlyForDeploymentPostprocessing = 0;
		};
		008B56C423C3AC9B0020E720 /* Frameworks */ = {
			isa = PBXFrameworksBuildPhase;
			buildActionMask = 2147483647;
			files = (
				00FB147E23D46FB200B426D7 /* SurfGenKit.framework in Frameworks */,
				860FA52423D256BB00649940 /* Swagger in Frameworks */,
			);
			runOnlyForDeploymentPostprocessing = 0;
		};
		008B56CC23C3AC9B0020E720 /* Frameworks */ = {
			isa = PBXFrameworksBuildPhase;
			buildActionMask = 2147483647;
			files = (
				008B56D023C3AC9B0020E720 /* YamlParser.framework in Frameworks */,
			);
			runOnlyForDeploymentPostprocessing = 0;
		};
		00FB13FE23D46BDF00B426D7 /* Frameworks */ = {
			isa = PBXFrameworksBuildPhase;
			buildActionMask = 2147483647;
			files = (
				00FB144D23D46CA400B426D7 /* Stencil in Frameworks */,
			);
			runOnlyForDeploymentPostprocessing = 0;
		};
		00FB140623D46BDF00B426D7 /* Frameworks */ = {
			isa = PBXFrameworksBuildPhase;
			buildActionMask = 2147483647;
			files = (
				00FB140A23D46BDF00B426D7 /* SurfGenKit.framework in Frameworks */,
			);
			runOnlyForDeploymentPostprocessing = 0;
		};
/* End PBXFrameworksBuildPhase section */

/* Begin PBXGroup section */
		006678B323C0A121004494DA = {
			isa = PBXGroup;
			children = (
				006678BE23C0A121004494DA /* surfgen */,
				008B56C823C3AC9B0020E720 /* YamlParser */,
				008B56D523C3AC9B0020E720 /* YamlParserTests */,
				00FB140223D46BDF00B426D7 /* SurfGenKit */,
				00FB140F23D46BDF00B426D7 /* SurfGenKitTests */,
				006678BD23C0A121004494DA /* Products */,
				008B569E23C3A69D0020E720 /* Frameworks */,
			);
			sourceTree = "<group>";
		};
		006678BD23C0A121004494DA /* Products */ = {
			isa = PBXGroup;
			children = (
				006678BC23C0A121004494DA /* surfgen.app */,
				008B56C723C3AC9B0020E720 /* YamlParser.framework */,
				008B56CF23C3AC9B0020E720 /* YamlParserTests.xctest */,
				00FB140123D46BDF00B426D7 /* SurfGenKit.framework */,
				00FB140923D46BDF00B426D7 /* SurfGenKitTests.xctest */,
			);
			name = Products;
			sourceTree = "<group>";
		};
		006678BE23C0A121004494DA /* surfgen */ = {
			isa = PBXGroup;
			children = (
				8648406E23DE38ED008267A7 /* surfgen.entitlements */,
				0078798D23C0F5DD00734A73 /* YamlParser */,
				006678C823C0A121004494DA /* Info.plist */,
				00FFA79023E5E2D70026E77A /* GenerateCommand.swift */,
				006678CF23C0A693004494DA /* main.swift */,
			);
			path = surfgen;
			sourceTree = "<group>";
		};
		0078798D23C0F5DD00734A73 /* YamlParser */ = {
			isa = PBXGroup;
			children = (
				00AA961223C26E39000CBC66 /* Zenit_WebAPI.yaml */,
				00AA961023C26D22000CBC66 /* surfMiddleApi.yaml */,
			);
			path = YamlParser;
			sourceTree = "<group>";
		};
		008B569E23C3A69D0020E720 /* Frameworks */ = {
			isa = PBXGroup;
			children = (
			);
			name = Frameworks;
			sourceTree = "<group>";
		};
		008B56C823C3AC9B0020E720 /* YamlParser */ = {
			isa = PBXGroup;
			children = (
				00FB14B123D4BB8000B426D7 /* Replacers */,
				00FB14B023D4BB7300B426D7 /* Finders */,
				00BA138123C3966B00B1ED7F /* Extensions */,
				008B56C923C3AC9B0020E720 /* YamlParser.h */,
				008B56CA23C3AC9B0020E720 /* Info.plist */,
				00FB147F23D4712F00B426D7 /* GASTBuilder.swift */,
				00FB14B623D4C18300B426D7 /* YamlParser.swift */,
			);
			path = YamlParser;
			sourceTree = "<group>";
		};
		008B56D523C3AC9B0020E720 /* YamlParserTests */ = {
			isa = PBXGroup;
			children = (
				00AA960423C252AD000CBC66 /* TestFiles */,
				00BA138823C39ECF00B1ED7F /* FileReader.swift */,
				00BA138623C39E5700B1ED7F /* DependenciesFinderTests.swift */,
				008B56D823C3AC9B0020E720 /* Info.plist */,
				860FA4E823CBCCEB00649940 /* PropertiesFinderTests.swift */,
			);
			path = YamlParserTests;
			sourceTree = "<group>";
		};
		00AA960423C252AD000CBC66 /* TestFiles */ = {
			isa = PBXGroup;
			children = (
				00BA137B23C3756500B1ED7F /* rendezvous.yaml */,
				008B56F823C3BBEE0020E720 /* RendesvousModel.swift */,
			);
			path = TestFiles;
			sourceTree = "<group>";
		};
		00BA138123C3966B00B1ED7F /* Extensions */ = {
			isa = PBXGroup;
			children = (
				00FB14AC23D4B99300B426D7 /* SchemaTypeExtension.swift */,
				00FB14B423D4C05500B426D7 /* ArrayExtension.swift */,
			);
			path = Extensions;
			sourceTree = "<group>";
		};
		00D09F0123D4C5A20096DF0D /* Models */ = {
			isa = PBXGroup;
			children = (
				00D09F0223D4C5A20096DF0D /* Constants.swift */,
				00D09F0323D4C5A20096DF0D /* TypeNodeParser.swift */,
				00D09F0423D4C5A20096DF0D /* ModelsType.swift */,
				00D09F0523D4C5A20096DF0D /* DeclNodeParser.swift */,
				00D09F0623D4C5A20096DF0D /* GenerationError.swift */,
				00D09F0723D4C5A20096DF0D /* Templates.swift */,
			);
			path = Models;
			sourceTree = "<group>";
		};
		00D09F0823D4C5A20096DF0D /* Nodes */ = {
			isa = PBXGroup;
			children = (
				00D09F0923D4C5A20096DF0D /* ASTToken.swift */,
				00D09F0A23D4C5A20096DF0D /* ASTNode.swift */,
			);
			path = Nodes;
			sourceTree = "<group>";
		};
		00D09F0B23D4C5A30096DF0D /* Builders */ = {
			isa = PBXGroup;
			children = (
				00D09F0C23D4C5A30096DF0D /* DTOBuilder.swift */,
				00D09F0D23D4C5A30096DF0D /* TypeNameBuilder.swift */,
				00D09F0E23D4C5A30096DF0D /* ToDTOBuilder.swift */,
				00D09F0F23D4C5A30096DF0D /* FromDTOBuilder.swift */,
			);
			path = Builders;
			sourceTree = "<group>";
		};
		00D09F1023D4C5A30096DF0D /* Extensions */ = {
			isa = PBXGroup;
			children = (
				00D09F1123D4C5A30096DF0D /* StencilExtension.swift */,
				00D09F1223D4C5A30096DF0D /* BoolExtension.swift */,
				00D09F1323D4C5A30096DF0D /* StringExtension.swift */,
			);
			path = Extensions;
			sourceTree = "<group>";
		};
		00D09F1423D4C5A30096DF0D /* Generators */ = {
			isa = PBXGroup;
			children = (
				00D09F1523D4C5A30096DF0D /* RootGenerator.swift */,
				00D09F1623D4C5A30096DF0D /* PropertyGenerator.swift */,
				00D09F1723D4C5A30096DF0D /* EntityGenerator.swift */,
				00D09F1823D4C5A30096DF0D /* EntryGenerator.swift */,
			);
			path = Generators;
			sourceTree = "<group>";
		};
		00D09F3023D4C60C0096DF0D /* GeneratorTests */ = {
			isa = PBXGroup;
			children = (
				00D09F3123D4C60C0096DF0D /* TestFiles */,
				00D09F3C23D4C60C0096DF0D /* DeclNodeParser.swift */,
				00D09F3D23D4C60C0096DF0D /* ModelsGenerationTests.swift */,
				00D09F3E23D4C60C0096DF0D /* PropertyGeneratorTests.swift */,
				00D09F3F23D4C60C0096DF0D /* TypeNodeParserTests.swift */,
			);
			path = GeneratorTests;
			sourceTree = "<group>";
		};
		00D09F3123D4C60C0096DF0D /* TestFiles */ = {
			isa = PBXGroup;
			children = (
				00D09F3223D4C60C0096DF0D /* Entry */,
				00D09F3723D4C60C0096DF0D /* Entity */,
			);
			path = TestFiles;
			sourceTree = "<group>";
		};
		00D09F3223D4C60C0096DF0D /* Entry */ = {
			isa = PBXGroup;
			children = (
				00D09F3323D4C60C0096DF0D /* ShopEntry.txt */,
				00D09F3423D4C60C0096DF0D /* ShopLocationEntry.txt */,
				00D09F3523D4C60C0096DF0D /* ContactTokenEntry.txt */,
				00D09F3623D4C60C0096DF0D /* ProfileCustomDataEntry.txt */,
			);
			path = Entry;
			sourceTree = "<group>";
		};
		00D09F3723D4C60C0096DF0D /* Entity */ = {
			isa = PBXGroup;
			children = (
				00D09F3823D4C60C0096DF0D /* ContactTokenEntity.txt */,
				00D09F3923D4C60C0096DF0D /* ProfileCustomDataEntity.txt */,
				00D09F3A23D4C60C0096DF0D /* ShopLocationEntity.txt */,
				00D09F3B23D4C60C0096DF0D /* ShopEntity.txt */,
			);
			path = Entity;
			sourceTree = "<group>";
		};
		00D09F4023D4C60C0096DF0D /* Helpers */ = {
			isa = PBXGroup;
			children = (
				00D09F4123D4C60C0096DF0D /* NodeCreation.swift */,
				00D09F4223D4C60C0096DF0D /* NodesBuilder.swift */,
				00D09F4323D4C60C0096DF0D /* XCTestExtension.swift */,
				00D09F4423D4C60C0096DF0D /* TestModels.swift */,
				00D09F4523D4C60C0096DF0D /* FileReader.swift */,
			);
			path = Helpers;
			sourceTree = "<group>";
		};
		00D09F4623D4C60C0096DF0D /* BuildersTests */ = {
			isa = PBXGroup;
			children = (
				00D09F4723D4C60C0096DF0D /* FromDTOBuilderTests.swift */,
				00D09F4823D4C60C0096DF0D /* TypeNameBuilderTests.swift */,
				00D09F4923D4C60C0096DF0D /* ToDTOBuilderTests.swift */,
			);
			path = BuildersTests;
			sourceTree = "<group>";
		};
		00FB140223D46BDF00B426D7 /* SurfGenKit */ = {
			isa = PBXGroup;
			children = (
				00D09F2E23D4C5E90096DF0D /* Templates.bundle */,
				00D09F0B23D4C5A30096DF0D /* Builders */,
				00D09F1023D4C5A30096DF0D /* Extensions */,
				00D09F1423D4C5A30096DF0D /* Generators */,
				00D09F0123D4C5A20096DF0D /* Models */,
				00D09F0823D4C5A20096DF0D /* Nodes */,
				00FB140323D46BDF00B426D7 /* SurfGenKit.h */,
				00FB140423D46BDF00B426D7 /* Info.plist */,
			);
			path = SurfGenKit;
			sourceTree = "<group>";
		};
		00FB140F23D46BDF00B426D7 /* SurfGenKitTests */ = {
			isa = PBXGroup;
			children = (
				00D09F4623D4C60C0096DF0D /* BuildersTests */,
				00D09F3023D4C60C0096DF0D /* GeneratorTests */,
				00D09F4023D4C60C0096DF0D /* Helpers */,
				00FB141223D46BDF00B426D7 /* Info.plist */,
			);
			path = SurfGenKitTests;
			sourceTree = "<group>";
		};
		00FB14B023D4BB7300B426D7 /* Finders */ = {
			isa = PBXGroup;
			children = (
				860FA4E623CBCC4A00649940 /* PropertiesFinder.swift */,
				00F2A62E23CA27470002259B /* AliasFinder.swift */,
				008525AB23C786C200FB986E /* DependencyFinder.swift */,
			);
			path = Finders;
			sourceTree = "<group>";
		};
		00FB14B123D4BB8000B426D7 /* Replacers */ = {
			isa = PBXGroup;
			children = (
				00FB14AE23D4BA3900B426D7 /* AliasReplacer.swift */,
				00FB14B223D4BB9600B426D7 /* GroupReplacer.swift */,
			);
			path = Replacers;
			sourceTree = "<group>";
		};
/* End PBXGroup section */

/* Begin PBXHeadersBuildPhase section */
		008B56C223C3AC9B0020E720 /* Headers */ = {
			isa = PBXHeadersBuildPhase;
			buildActionMask = 2147483647;
			files = (
				008B56D923C3AC9B0020E720 /* YamlParser.h in Headers */,
			);
			runOnlyForDeploymentPostprocessing = 0;
		};
		00FB13FC23D46BDF00B426D7 /* Headers */ = {
			isa = PBXHeadersBuildPhase;
			buildActionMask = 2147483647;
			files = (
				00FB141323D46BDF00B426D7 /* SurfGenKit.h in Headers */,
			);
			runOnlyForDeploymentPostprocessing = 0;
		};
/* End PBXHeadersBuildPhase section */

/* Begin PBXNativeTarget section */
		006678BB23C0A121004494DA /* surfgen */ = {
			isa = PBXNativeTarget;
			buildConfigurationList = 006678CC23C0A121004494DA /* Build configuration list for PBXNativeTarget "surfgen" */;
			buildPhases = (
				00AD603A23C0E63E005BD8BD /* Run Script */,
				006678B823C0A121004494DA /* Sources */,
				006678B923C0A121004494DA /* Frameworks */,
				006678BA23C0A121004494DA /* Resources */,
				0005293323C0AFD000856E2F /* Embed Frameworks */,
			);
			buildRules = (
			);
			dependencies = (
				008B56DB23C3AC9B0020E720 /* PBXTargetDependency */,
				00FB141523D46BDF00B426D7 /* PBXTargetDependency */,
			);
			name = surfgen;
			packageProductDependencies = (
				860FA52123D256B300649940 /* Swagger */,
				8648406C23DE36BB008267A7 /* SwiftCLI */,
			);
			productName = surfgen;
			productReference = 006678BC23C0A121004494DA /* surfgen.app */;
			productType = "com.apple.product-type.application";
		};
		008B56C623C3AC9B0020E720 /* YamlParser */ = {
			isa = PBXNativeTarget;
			buildConfigurationList = 008B56DE23C3AC9B0020E720 /* Build configuration list for PBXNativeTarget "YamlParser" */;
			buildPhases = (
				008B56C223C3AC9B0020E720 /* Headers */,
				008B56C323C3AC9B0020E720 /* Sources */,
				008B56C423C3AC9B0020E720 /* Frameworks */,
				008B56C523C3AC9B0020E720 /* Resources */,
			);
			buildRules = (
			);
			dependencies = (
			);
			name = YamlParser;
			packageProductDependencies = (
				860FA52323D256BB00649940 /* Swagger */,
			);
			productName = YamlParser;
			productReference = 008B56C723C3AC9B0020E720 /* YamlParser.framework */;
			productType = "com.apple.product-type.framework";
		};
		008B56CE23C3AC9B0020E720 /* YamlParserTests */ = {
			isa = PBXNativeTarget;
			buildConfigurationList = 008B56E123C3AC9B0020E720 /* Build configuration list for PBXNativeTarget "YamlParserTests" */;
			buildPhases = (
				008B56CB23C3AC9B0020E720 /* Sources */,
				008B56CC23C3AC9B0020E720 /* Frameworks */,
				008B56CD23C3AC9B0020E720 /* Resources */,
			);
			buildRules = (
			);
			dependencies = (
				008B56D223C3AC9B0020E720 /* PBXTargetDependency */,
				008B56D423C3AC9B0020E720 /* PBXTargetDependency */,
			);
			name = YamlParserTests;
			productName = YamlParserTests;
			productReference = 008B56CF23C3AC9B0020E720 /* YamlParserTests.xctest */;
			productType = "com.apple.product-type.bundle.unit-test";
		};
		00FB140023D46BDF00B426D7 /* SurfGenKit */ = {
			isa = PBXNativeTarget;
			buildConfigurationList = 00FB141C23D46BDF00B426D7 /* Build configuration list for PBXNativeTarget "SurfGenKit" */;
			buildPhases = (
				00FB13FC23D46BDF00B426D7 /* Headers */,
				00FB13FD23D46BDF00B426D7 /* Sources */,
				00FB13FE23D46BDF00B426D7 /* Frameworks */,
				00FB13FF23D46BDF00B426D7 /* Resources */,
			);
			buildRules = (
			);
			dependencies = (
			);
			name = SurfGenKit;
			packageProductDependencies = (
				00FB144C23D46CA400B426D7 /* Stencil */,
			);
			productName = SurfGenKit;
			productReference = 00FB140123D46BDF00B426D7 /* SurfGenKit.framework */;
			productType = "com.apple.product-type.framework";
		};
		00FB140823D46BDF00B426D7 /* SurfGenKitTests */ = {
			isa = PBXNativeTarget;
			buildConfigurationList = 00FB141D23D46BDF00B426D7 /* Build configuration list for PBXNativeTarget "SurfGenKitTests" */;
			buildPhases = (
				00FB140523D46BDF00B426D7 /* Sources */,
				00FB140623D46BDF00B426D7 /* Frameworks */,
				00FB140723D46BDF00B426D7 /* Resources */,
			);
			buildRules = (
			);
			dependencies = (
				00FB140C23D46BDF00B426D7 /* PBXTargetDependency */,
				00FB140E23D46BDF00B426D7 /* PBXTargetDependency */,
			);
			name = SurfGenKitTests;
			productName = SurfGenKitTests;
			productReference = 00FB140923D46BDF00B426D7 /* SurfGenKitTests.xctest */;
			productType = "com.apple.product-type.bundle.unit-test";
		};
/* End PBXNativeTarget section */

/* Begin PBXProject section */
		006678B423C0A121004494DA /* Project object */ = {
			isa = PBXProject;
			attributes = {
				LastSwiftUpdateCheck = 1130;
				LastUpgradeCheck = 1100;
				ORGANIZATIONNAME = Surf;
				TargetAttributes = {
					006678BB23C0A121004494DA = {
						CreatedOnToolsVersion = 11.0;
						LastSwiftMigration = 1100;
					};
					008B56C623C3AC9B0020E720 = {
						CreatedOnToolsVersion = 11.3;
					};
					008B56CE23C3AC9B0020E720 = {
						CreatedOnToolsVersion = 11.3;
					};
					00FB140023D46BDF00B426D7 = {
						CreatedOnToolsVersion = 11.3;
						LastSwiftMigration = 1130;
					};
					00FB140823D46BDF00B426D7 = {
						CreatedOnToolsVersion = 11.3;
					};
				};
			};
			buildConfigurationList = 006678B723C0A121004494DA /* Build configuration list for PBXProject "surfgen" */;
			compatibilityVersion = "Xcode 9.3";
			developmentRegion = en;
			hasScannedForEncodings = 0;
			knownRegions = (
				en,
				Base,
			);
			mainGroup = 006678B323C0A121004494DA;
			packageReferences = (
				860FA52023D256B300649940 /* XCRemoteSwiftPackageReference "SwagGen" */,
				00FB144B23D46CA400B426D7 /* XCRemoteSwiftPackageReference "Stencil" */,
				8648406B23DE36BB008267A7 /* XCRemoteSwiftPackageReference "SwiftCLI" */,
			);
			productRefGroup = 006678BD23C0A121004494DA /* Products */;
			projectDirPath = "";
			projectRoot = "";
			targets = (
				006678BB23C0A121004494DA /* surfgen */,
				008B56C623C3AC9B0020E720 /* YamlParser */,
				008B56CE23C3AC9B0020E720 /* YamlParserTests */,
				00FB140023D46BDF00B426D7 /* SurfGenKit */,
				00FB140823D46BDF00B426D7 /* SurfGenKitTests */,
			);
		};
/* End PBXProject section */

/* Begin PBXResourcesBuildPhase section */
		006678BA23C0A121004494DA /* Resources */ = {
			isa = PBXResourcesBuildPhase;
			buildActionMask = 2147483647;
			files = (
				00AA961123C26D22000CBC66 /* surfMiddleApi.yaml in Resources */,
				00AA961323C26E39000CBC66 /* Zenit_WebAPI.yaml in Resources */,
			);
			runOnlyForDeploymentPostprocessing = 0;
		};
		008B56C523C3AC9B0020E720 /* Resources */ = {
			isa = PBXResourcesBuildPhase;
			buildActionMask = 2147483647;
			files = (
			);
			runOnlyForDeploymentPostprocessing = 0;
		};
		008B56CD23C3AC9B0020E720 /* Resources */ = {
			isa = PBXResourcesBuildPhase;
			buildActionMask = 2147483647;
			files = (
				008B56EC23C3AD240020E720 /* rendezvous.yaml in Resources */,
			);
			runOnlyForDeploymentPostprocessing = 0;
		};
		00FB13FF23D46BDF00B426D7 /* Resources */ = {
			isa = PBXResourcesBuildPhase;
			buildActionMask = 2147483647;
			files = (
				00D09F2F23D4C5E90096DF0D /* Templates.bundle in Resources */,
			);
			runOnlyForDeploymentPostprocessing = 0;
		};
		00FB140723D46BDF00B426D7 /* Resources */ = {
			isa = PBXResourcesBuildPhase;
			buildActionMask = 2147483647;
			files = (
				00D09F4D23D4C60C0096DF0D /* ProfileCustomDataEntry.txt in Resources */,
				00D09F4B23D4C60C0096DF0D /* ShopLocationEntry.txt in Resources */,
				00D09F4F23D4C60C0096DF0D /* ProfileCustomDataEntity.txt in Resources */,
				00D09F5123D4C60C0096DF0D /* ShopEntity.txt in Resources */,
				00D09F4E23D4C60C0096DF0D /* ContactTokenEntity.txt in Resources */,
				00D09F4C23D4C60C0096DF0D /* ContactTokenEntry.txt in Resources */,
				00D09F5023D4C60C0096DF0D /* ShopLocationEntity.txt in Resources */,
				00D09F4A23D4C60C0096DF0D /* ShopEntry.txt in Resources */,
			);
			runOnlyForDeploymentPostprocessing = 0;
		};
/* End PBXResourcesBuildPhase section */

/* Begin PBXShellScriptBuildPhase section */
		00AD603A23C0E63E005BD8BD /* Run Script */ = {
			isa = PBXShellScriptBuildPhase;
			buildActionMask = 2147483647;
			files = (
			);
			inputFileListPaths = (
			);
			inputPaths = (
			);
			name = "Run Script";
			outputFileListPaths = (
			);
			outputPaths = (
			);
			runOnlyForDeploymentPostprocessing = 0;
			shellPath = /bin/sh;
			shellScript = "#. ../scripts/extract-tool\n";
		};
/* End PBXShellScriptBuildPhase section */

/* Begin PBXSourcesBuildPhase section */
		006678B823C0A121004494DA /* Sources */ = {
			isa = PBXSourcesBuildPhase;
			buildActionMask = 2147483647;
			files = (
				00FFA79123E5E2D70026E77A /* GenerateCommand.swift in Sources */,
				006678D023C0A693004494DA /* main.swift in Sources */,
			);
			runOnlyForDeploymentPostprocessing = 0;
		};
		008B56C323C3AC9B0020E720 /* Sources */ = {
			isa = PBXSourcesBuildPhase;
			buildActionMask = 2147483647;
			files = (
				00FB14B323D4BB9600B426D7 /* GroupReplacer.swift in Sources */,
				008525AC23C786C200FB986E /* DependencyFinder.swift in Sources */,
				00F2A62F23CA27470002259B /* AliasFinder.swift in Sources */,
				00FB14B523D4C05500B426D7 /* ArrayExtension.swift in Sources */,
				00FB14AD23D4B99300B426D7 /* SchemaTypeExtension.swift in Sources */,
				00FB148023D4712F00B426D7 /* GASTBuilder.swift in Sources */,
				00FB14AF23D4BA3900B426D7 /* AliasReplacer.swift in Sources */,
				00FB14B723D4C18300B426D7 /* YamlParser.swift in Sources */,
				860FA4E723CBCC4A00649940 /* PropertiesFinder.swift in Sources */,
			);
			runOnlyForDeploymentPostprocessing = 0;
		};
		008B56CB23C3AC9B0020E720 /* Sources */ = {
			isa = PBXSourcesBuildPhase;
			buildActionMask = 2147483647;
			files = (
				008B56EB23C3AD190020E720 /* FileReader.swift in Sources */,
				008B56EA23C3AD070020E720 /* DependenciesFinderTests.swift in Sources */,
				860FA4E923CBCCEB00649940 /* PropertiesFinderTests.swift in Sources */,
				008B56F923C3BBEE0020E720 /* RendesvousModel.swift in Sources */,
			);
			runOnlyForDeploymentPostprocessing = 0;
		};
		00FB13FD23D46BDF00B426D7 /* Sources */ = {
			isa = PBXSourcesBuildPhase;
			buildActionMask = 2147483647;
			files = (
				00D09F1E23D4C5A30096DF0D /* GenerationError.swift in Sources */,
				00D09F2523D4C5A30096DF0D /* FromDTOBuilder.swift in Sources */,
				00D09F2823D4C5A30096DF0D /* StringExtension.swift in Sources */,
				00D09F1C23D4C5A30096DF0D /* ModelsType.swift in Sources */,
				00D09F2623D4C5A30096DF0D /* StencilExtension.swift in Sources */,
				00D09F1B23D4C5A30096DF0D /* TypeNodeParser.swift in Sources */,
				00D09F2B23D4C5A30096DF0D /* EntityGenerator.swift in Sources */,
				00D09F2023D4C5A30096DF0D /* ASTToken.swift in Sources */,
				00D09F2423D4C5A30096DF0D /* ToDTOBuilder.swift in Sources */,
				00D09F2A23D4C5A30096DF0D /* PropertyGenerator.swift in Sources */,
				00D09F1D23D4C5A30096DF0D /* DeclNodeParser.swift in Sources */,
				00D09F2923D4C5A30096DF0D /* RootGenerator.swift in Sources */,
				00D09F2223D4C5A30096DF0D /* DTOBuilder.swift in Sources */,
				00D09F2C23D4C5A30096DF0D /* EntryGenerator.swift in Sources */,
				00D09F2723D4C5A30096DF0D /* BoolExtension.swift in Sources */,
				00D09F1A23D4C5A30096DF0D /* Constants.swift in Sources */,
				00D09F2123D4C5A30096DF0D /* ASTNode.swift in Sources */,
				00D09F2323D4C5A30096DF0D /* TypeNameBuilder.swift in Sources */,
				00D09F1F23D4C5A30096DF0D /* Templates.swift in Sources */,
			);
			runOnlyForDeploymentPostprocessing = 0;
		};
		00FB140523D46BDF00B426D7 /* Sources */ = {
			isa = PBXSourcesBuildPhase;
			buildActionMask = 2147483647;
			files = (
				00D09F5623D4C60C0096DF0D /* NodeCreation.swift in Sources */,
				00D09F5723D4C60C0096DF0D /* NodesBuilder.swift in Sources */,
				00D09F5523D4C60C0096DF0D /* TypeNodeParserTests.swift in Sources */,
				00D09F5B23D4C60C0096DF0D /* FromDTOBuilderTests.swift in Sources */,
				00D09F5A23D4C60C0096DF0D /* FileReader.swift in Sources */,
				00D09F5823D4C60C0096DF0D /* XCTestExtension.swift in Sources */,
				00D09F5D23D4C60C0096DF0D /* ToDTOBuilderTests.swift in Sources */,
				00D09F5223D4C60C0096DF0D /* DeclNodeParser.swift in Sources */,
				00D09F5423D4C60C0096DF0D /* PropertyGeneratorTests.swift in Sources */,
				00D09F5323D4C60C0096DF0D /* ModelsGenerationTests.swift in Sources */,
				00D09F5923D4C60C0096DF0D /* TestModels.swift in Sources */,
				00D09F5C23D4C60C0096DF0D /* TypeNameBuilderTests.swift in Sources */,
			);
			runOnlyForDeploymentPostprocessing = 0;
		};
/* End PBXSourcesBuildPhase section */

/* Begin PBXTargetDependency section */
		008B56D223C3AC9B0020E720 /* PBXTargetDependency */ = {
			isa = PBXTargetDependency;
			target = 008B56C623C3AC9B0020E720 /* YamlParser */;
			targetProxy = 008B56D123C3AC9B0020E720 /* PBXContainerItemProxy */;
		};
		008B56D423C3AC9B0020E720 /* PBXTargetDependency */ = {
			isa = PBXTargetDependency;
			target = 006678BB23C0A121004494DA /* surfgen */;
			targetProxy = 008B56D323C3AC9B0020E720 /* PBXContainerItemProxy */;
		};
		008B56DB23C3AC9B0020E720 /* PBXTargetDependency */ = {
			isa = PBXTargetDependency;
			target = 008B56C623C3AC9B0020E720 /* YamlParser */;
			targetProxy = 008B56DA23C3AC9B0020E720 /* PBXContainerItemProxy */;
		};
		00FB140C23D46BDF00B426D7 /* PBXTargetDependency */ = {
			isa = PBXTargetDependency;
			target = 00FB140023D46BDF00B426D7 /* SurfGenKit */;
			targetProxy = 00FB140B23D46BDF00B426D7 /* PBXContainerItemProxy */;
		};
		00FB140E23D46BDF00B426D7 /* PBXTargetDependency */ = {
			isa = PBXTargetDependency;
			target = 006678BB23C0A121004494DA /* surfgen */;
			targetProxy = 00FB140D23D46BDF00B426D7 /* PBXContainerItemProxy */;
		};
		00FB141523D46BDF00B426D7 /* PBXTargetDependency */ = {
			isa = PBXTargetDependency;
			target = 00FB140023D46BDF00B426D7 /* SurfGenKit */;
			targetProxy = 00FB141423D46BDF00B426D7 /* PBXContainerItemProxy */;
		};
/* End PBXTargetDependency section */

/* Begin XCBuildConfiguration section */
		006678CA23C0A121004494DA /* Debug */ = {
			isa = XCBuildConfiguration;
			buildSettings = {
				ALWAYS_SEARCH_USER_PATHS = NO;
				CLANG_ANALYZER_NONNULL = YES;
				CLANG_ANALYZER_NUMBER_OBJECT_CONVERSION = YES_AGGRESSIVE;
				CLANG_CXX_LANGUAGE_STANDARD = "gnu++14";
				CLANG_CXX_LIBRARY = "libc++";
				CLANG_ENABLE_MODULES = YES;
				CLANG_ENABLE_OBJC_ARC = YES;
				CLANG_ENABLE_OBJC_WEAK = YES;
				CLANG_WARN_BLOCK_CAPTURE_AUTORELEASING = YES;
				CLANG_WARN_BOOL_CONVERSION = YES;
				CLANG_WARN_COMMA = YES;
				CLANG_WARN_CONSTANT_CONVERSION = YES;
				CLANG_WARN_DEPRECATED_OBJC_IMPLEMENTATIONS = YES;
				CLANG_WARN_DIRECT_OBJC_ISA_USAGE = YES_ERROR;
				CLANG_WARN_DOCUMENTATION_COMMENTS = YES;
				CLANG_WARN_EMPTY_BODY = YES;
				CLANG_WARN_ENUM_CONVERSION = YES;
				CLANG_WARN_INFINITE_RECURSION = YES;
				CLANG_WARN_INT_CONVERSION = YES;
				CLANG_WARN_NON_LITERAL_NULL_CONVERSION = YES;
				CLANG_WARN_OBJC_IMPLICIT_RETAIN_SELF = YES;
				CLANG_WARN_OBJC_LITERAL_CONVERSION = YES;
				CLANG_WARN_OBJC_ROOT_CLASS = YES_ERROR;
				CLANG_WARN_RANGE_LOOP_ANALYSIS = YES;
				CLANG_WARN_STRICT_PROTOTYPES = YES;
				CLANG_WARN_SUSPICIOUS_MOVE = YES;
				CLANG_WARN_UNGUARDED_AVAILABILITY = YES_AGGRESSIVE;
				CLANG_WARN_UNREACHABLE_CODE = YES;
				CLANG_WARN__DUPLICATE_METHOD_MATCH = YES;
				COPY_PHASE_STRIP = NO;
				DEBUG_INFORMATION_FORMAT = dwarf;
				ENABLE_STRICT_OBJC_MSGSEND = YES;
				ENABLE_TESTABILITY = YES;
				GCC_C_LANGUAGE_STANDARD = gnu11;
				GCC_DYNAMIC_NO_PIC = NO;
				GCC_NO_COMMON_BLOCKS = YES;
				GCC_OPTIMIZATION_LEVEL = 0;
				GCC_PREPROCESSOR_DEFINITIONS = (
					"DEBUG=1",
					"$(inherited)",
				);
				GCC_WARN_64_TO_32_BIT_CONVERSION = YES;
				GCC_WARN_ABOUT_RETURN_TYPE = YES_ERROR;
				GCC_WARN_UNDECLARED_SELECTOR = YES;
				GCC_WARN_UNINITIALIZED_AUTOS = YES_AGGRESSIVE;
				GCC_WARN_UNUSED_FUNCTION = YES;
				GCC_WARN_UNUSED_VARIABLE = YES;
				MACOSX_DEPLOYMENT_TARGET = 10.14;
				MTL_ENABLE_DEBUG_INFO = INCLUDE_SOURCE;
				MTL_FAST_MATH = YES;
				ONLY_ACTIVE_ARCH = YES;
				SDKROOT = macosx;
				SWIFT_ACTIVE_COMPILATION_CONDITIONS = DEBUG;
				SWIFT_OPTIMIZATION_LEVEL = "-Onone";
			};
			name = Debug;
		};
		006678CB23C0A121004494DA /* Release */ = {
			isa = XCBuildConfiguration;
			buildSettings = {
				ALWAYS_SEARCH_USER_PATHS = NO;
				CLANG_ANALYZER_NONNULL = YES;
				CLANG_ANALYZER_NUMBER_OBJECT_CONVERSION = YES_AGGRESSIVE;
				CLANG_CXX_LANGUAGE_STANDARD = "gnu++14";
				CLANG_CXX_LIBRARY = "libc++";
				CLANG_ENABLE_MODULES = YES;
				CLANG_ENABLE_OBJC_ARC = YES;
				CLANG_ENABLE_OBJC_WEAK = YES;
				CLANG_WARN_BLOCK_CAPTURE_AUTORELEASING = YES;
				CLANG_WARN_BOOL_CONVERSION = YES;
				CLANG_WARN_COMMA = YES;
				CLANG_WARN_CONSTANT_CONVERSION = YES;
				CLANG_WARN_DEPRECATED_OBJC_IMPLEMENTATIONS = YES;
				CLANG_WARN_DIRECT_OBJC_ISA_USAGE = YES_ERROR;
				CLANG_WARN_DOCUMENTATION_COMMENTS = YES;
				CLANG_WARN_EMPTY_BODY = YES;
				CLANG_WARN_ENUM_CONVERSION = YES;
				CLANG_WARN_INFINITE_RECURSION = YES;
				CLANG_WARN_INT_CONVERSION = YES;
				CLANG_WARN_NON_LITERAL_NULL_CONVERSION = YES;
				CLANG_WARN_OBJC_IMPLICIT_RETAIN_SELF = YES;
				CLANG_WARN_OBJC_LITERAL_CONVERSION = YES;
				CLANG_WARN_OBJC_ROOT_CLASS = YES_ERROR;
				CLANG_WARN_RANGE_LOOP_ANALYSIS = YES;
				CLANG_WARN_STRICT_PROTOTYPES = YES;
				CLANG_WARN_SUSPICIOUS_MOVE = YES;
				CLANG_WARN_UNGUARDED_AVAILABILITY = YES_AGGRESSIVE;
				CLANG_WARN_UNREACHABLE_CODE = YES;
				CLANG_WARN__DUPLICATE_METHOD_MATCH = YES;
				COPY_PHASE_STRIP = NO;
				DEBUG_INFORMATION_FORMAT = "dwarf-with-dsym";
				ENABLE_NS_ASSERTIONS = NO;
				ENABLE_STRICT_OBJC_MSGSEND = YES;
				GCC_C_LANGUAGE_STANDARD = gnu11;
				GCC_NO_COMMON_BLOCKS = YES;
				GCC_WARN_64_TO_32_BIT_CONVERSION = YES;
				GCC_WARN_ABOUT_RETURN_TYPE = YES_ERROR;
				GCC_WARN_UNDECLARED_SELECTOR = YES;
				GCC_WARN_UNINITIALIZED_AUTOS = YES_AGGRESSIVE;
				GCC_WARN_UNUSED_FUNCTION = YES;
				GCC_WARN_UNUSED_VARIABLE = YES;
				MACOSX_DEPLOYMENT_TARGET = 10.14;
				MTL_ENABLE_DEBUG_INFO = NO;
				MTL_FAST_MATH = YES;
				SDKROOT = macosx;
				SWIFT_COMPILATION_MODE = wholemodule;
				SWIFT_OPTIMIZATION_LEVEL = "-O";
			};
			name = Release;
		};
		006678CD23C0A121004494DA /* Debug */ = {
			isa = XCBuildConfiguration;
			buildSettings = {
				ALWAYS_EMBED_SWIFT_STANDARD_LIBRARIES = YES;
				ASSETCATALOG_COMPILER_APPICON_NAME = AppIcon;
				CLANG_ENABLE_MODULES = YES;
				CODE_SIGN_ENTITLEMENTS = surfgen/surfgen.entitlements;
				CODE_SIGN_STYLE = Automatic;
				COMBINE_HIDPI_IMAGES = YES;
				DEVELOPMENT_TEAM = "";
				ENABLE_HARDENED_RUNTIME = YES;
				FRAMEWORK_SEARCH_PATHS = (
					"$(inherited)",
					"$(PROJECT_DIR)",
					"$(PROJECT_DIR)/Frameworks",
				);
				INFOPLIST_FILE = surfgen/Info.plist;
				LD_RUNPATH_SEARCH_PATHS = (
					"$(inherited)",
					"@executable_path/../Frameworks",
				);
				PRODUCT_BUNDLE_IDENTIFIER = ru.surf.surfgen;
				PRODUCT_NAME = "$(TARGET_NAME)";
				SWIFT_OPTIMIZATION_LEVEL = "-Onone";
				SWIFT_VERSION = 5.0;
			};
			name = Debug;
		};
		006678CE23C0A121004494DA /* Release */ = {
			isa = XCBuildConfiguration;
			buildSettings = {
				ALWAYS_EMBED_SWIFT_STANDARD_LIBRARIES = YES;
				ASSETCATALOG_COMPILER_APPICON_NAME = AppIcon;
				CLANG_ENABLE_MODULES = YES;
				CODE_SIGN_ENTITLEMENTS = surfgen/surfgen.entitlements;
				CODE_SIGN_STYLE = Automatic;
				COMBINE_HIDPI_IMAGES = YES;
				DEVELOPMENT_TEAM = "";
				ENABLE_HARDENED_RUNTIME = YES;
				FRAMEWORK_SEARCH_PATHS = (
					"$(inherited)",
					"$(PROJECT_DIR)",
					"$(PROJECT_DIR)/Frameworks",
				);
				INFOPLIST_FILE = surfgen/Info.plist;
				LD_RUNPATH_SEARCH_PATHS = (
					"$(inherited)",
					"@executable_path/../Frameworks",
				);
				PRODUCT_BUNDLE_IDENTIFIER = ru.surf.surfgen;
				PRODUCT_NAME = "$(TARGET_NAME)";
				SWIFT_VERSION = 5.0;
			};
			name = Release;
		};
		008B56DF23C3AC9B0020E720 /* Debug */ = {
			isa = XCBuildConfiguration;
			buildSettings = {
				CODE_SIGN_STYLE = Manual;
				COMBINE_HIDPI_IMAGES = YES;
				CURRENT_PROJECT_VERSION = 1;
				DEFINES_MODULE = YES;
				DEVELOPMENT_TEAM = "";
				DYLIB_COMPATIBILITY_VERSION = 1;
				DYLIB_CURRENT_VERSION = 1;
				DYLIB_INSTALL_NAME_BASE = "@rpath";
				INFOPLIST_FILE = YamlParser/Info.plist;
				INSTALL_PATH = "$(LOCAL_LIBRARY_DIR)/Frameworks";
				LD_RUNPATH_SEARCH_PATHS = (
					"$(inherited)",
					"@executable_path/../Frameworks",
					"@loader_path/Frameworks",
				);
				PRODUCT_BUNDLE_IDENTIFIER = ru.surf.YamlParser;
				PRODUCT_NAME = "$(TARGET_NAME:c99extidentifier)";
				PROVISIONING_PROFILE_SPECIFIER = "";
				SKIP_INSTALL = YES;
				SWIFT_VERSION = 5.0;
				VERSIONING_SYSTEM = "apple-generic";
				VERSION_INFO_PREFIX = "";
			};
			name = Debug;
		};
		008B56E023C3AC9B0020E720 /* Release */ = {
			isa = XCBuildConfiguration;
			buildSettings = {
				CODE_SIGN_STYLE = Manual;
				COMBINE_HIDPI_IMAGES = YES;
				CURRENT_PROJECT_VERSION = 1;
				DEFINES_MODULE = YES;
				DEVELOPMENT_TEAM = "";
				DYLIB_COMPATIBILITY_VERSION = 1;
				DYLIB_CURRENT_VERSION = 1;
				DYLIB_INSTALL_NAME_BASE = "@rpath";
				INFOPLIST_FILE = YamlParser/Info.plist;
				INSTALL_PATH = "$(LOCAL_LIBRARY_DIR)/Frameworks";
				LD_RUNPATH_SEARCH_PATHS = (
					"$(inherited)",
					"@executable_path/../Frameworks",
					"@loader_path/Frameworks",
				);
				PRODUCT_BUNDLE_IDENTIFIER = ru.surf.YamlParser;
				PRODUCT_NAME = "$(TARGET_NAME:c99extidentifier)";
				PROVISIONING_PROFILE_SPECIFIER = "";
				SKIP_INSTALL = YES;
				SWIFT_VERSION = 5.0;
				VERSIONING_SYSTEM = "apple-generic";
				VERSION_INFO_PREFIX = "";
			};
			name = Release;
		};
		008B56E223C3AC9B0020E720 /* Debug */ = {
			isa = XCBuildConfiguration;
			buildSettings = {
				ALWAYS_EMBED_SWIFT_STANDARD_LIBRARIES = YES;
				CODE_SIGN_STYLE = Automatic;
				COMBINE_HIDPI_IMAGES = YES;
				DEVELOPMENT_TEAM = "";
				INFOPLIST_FILE = YamlParserTests/Info.plist;
				LD_RUNPATH_SEARCH_PATHS = (
					"$(inherited)",
					"@executable_path/../Frameworks",
					"@loader_path/../Frameworks",
				);
				PRODUCT_BUNDLE_IDENTIFIER = ru.surf.YamlParserTests;
				PRODUCT_NAME = "$(TARGET_NAME)";
				SWIFT_VERSION = 5.0;
			};
			name = Debug;
		};
		008B56E323C3AC9B0020E720 /* Release */ = {
			isa = XCBuildConfiguration;
			buildSettings = {
				ALWAYS_EMBED_SWIFT_STANDARD_LIBRARIES = YES;
				CODE_SIGN_STYLE = Automatic;
				COMBINE_HIDPI_IMAGES = YES;
				DEVELOPMENT_TEAM = "";
				INFOPLIST_FILE = YamlParserTests/Info.plist;
				LD_RUNPATH_SEARCH_PATHS = (
					"$(inherited)",
					"@executable_path/../Frameworks",
					"@loader_path/../Frameworks",
				);
				PRODUCT_BUNDLE_IDENTIFIER = ru.surf.YamlParserTests;
				PRODUCT_NAME = "$(TARGET_NAME)";
				SWIFT_VERSION = 5.0;
			};
			name = Release;
		};
		00FB141823D46BDF00B426D7 /* Debug */ = {
			isa = XCBuildConfiguration;
			buildSettings = {
				CLANG_ENABLE_MODULES = YES;
				CODE_SIGN_STYLE = Automatic;
				COMBINE_HIDPI_IMAGES = YES;
				CURRENT_PROJECT_VERSION = 1;
				DEFINES_MODULE = YES;
				DEVELOPMENT_TEAM = "";
				DYLIB_COMPATIBILITY_VERSION = 1;
				DYLIB_CURRENT_VERSION = 1;
				DYLIB_INSTALL_NAME_BASE = "@rpath";
				INFOPLIST_FILE = SurfGenKit/Info.plist;
				INSTALL_PATH = "$(LOCAL_LIBRARY_DIR)/Frameworks";
				LD_RUNPATH_SEARCH_PATHS = (
					"$(inherited)",
					"@executable_path/../Frameworks",
					"@loader_path/Frameworks",
				);
				PRODUCT_BUNDLE_IDENTIFIER = ru.surf.SurfGenKit;
				PRODUCT_NAME = "$(TARGET_NAME:c99extidentifier)";
				SKIP_INSTALL = YES;
				SWIFT_OPTIMIZATION_LEVEL = "-Onone";
				SWIFT_VERSION = 5.0;
				VERSIONING_SYSTEM = "apple-generic";
				VERSION_INFO_PREFIX = "";
			};
			name = Debug;
		};
		00FB141923D46BDF00B426D7 /* Release */ = {
			isa = XCBuildConfiguration;
			buildSettings = {
				CLANG_ENABLE_MODULES = YES;
				CODE_SIGN_STYLE = Automatic;
				COMBINE_HIDPI_IMAGES = YES;
				CURRENT_PROJECT_VERSION = 1;
				DEFINES_MODULE = YES;
				DEVELOPMENT_TEAM = "";
				DYLIB_COMPATIBILITY_VERSION = 1;
				DYLIB_CURRENT_VERSION = 1;
				DYLIB_INSTALL_NAME_BASE = "@rpath";
				INFOPLIST_FILE = SurfGenKit/Info.plist;
				INSTALL_PATH = "$(LOCAL_LIBRARY_DIR)/Frameworks";
				LD_RUNPATH_SEARCH_PATHS = (
					"$(inherited)",
					"@executable_path/../Frameworks",
					"@loader_path/Frameworks",
				);
				PRODUCT_BUNDLE_IDENTIFIER = ru.surf.SurfGenKit;
				PRODUCT_NAME = "$(TARGET_NAME:c99extidentifier)";
				SKIP_INSTALL = YES;
				SWIFT_VERSION = 5.0;
				VERSIONING_SYSTEM = "apple-generic";
				VERSION_INFO_PREFIX = "";
			};
			name = Release;
		};
		00FB141A23D46BDF00B426D7 /* Debug */ = {
			isa = XCBuildConfiguration;
			buildSettings = {
				ALWAYS_EMBED_SWIFT_STANDARD_LIBRARIES = YES;
				CODE_SIGN_STYLE = Automatic;
				COMBINE_HIDPI_IMAGES = YES;
				DEVELOPMENT_TEAM = "";
				INFOPLIST_FILE = SurfGenKitTests/Info.plist;
				LD_RUNPATH_SEARCH_PATHS = (
					"$(inherited)",
					"@executable_path/../Frameworks",
					"@loader_path/../Frameworks",
				);
				PRODUCT_BUNDLE_IDENTIFIER = ru.surf.SurfGenKitTests;
				PRODUCT_NAME = "$(TARGET_NAME)";
				SWIFT_VERSION = 5.0;
			};
			name = Debug;
		};
		00FB141B23D46BDF00B426D7 /* Release */ = {
			isa = XCBuildConfiguration;
			buildSettings = {
				ALWAYS_EMBED_SWIFT_STANDARD_LIBRARIES = YES;
				CODE_SIGN_STYLE = Automatic;
				COMBINE_HIDPI_IMAGES = YES;
				DEVELOPMENT_TEAM = "";
				INFOPLIST_FILE = SurfGenKitTests/Info.plist;
				LD_RUNPATH_SEARCH_PATHS = (
					"$(inherited)",
					"@executable_path/../Frameworks",
					"@loader_path/../Frameworks",
				);
				PRODUCT_BUNDLE_IDENTIFIER = ru.surf.SurfGenKitTests;
				PRODUCT_NAME = "$(TARGET_NAME)";
				SWIFT_VERSION = 5.0;
			};
			name = Release;
		};
/* End XCBuildConfiguration section */

/* Begin XCConfigurationList section */
		006678B723C0A121004494DA /* Build configuration list for PBXProject "surfgen" */ = {
			isa = XCConfigurationList;
			buildConfigurations = (
				006678CA23C0A121004494DA /* Debug */,
				006678CB23C0A121004494DA /* Release */,
			);
			defaultConfigurationIsVisible = 0;
			defaultConfigurationName = Release;
		};
		006678CC23C0A121004494DA /* Build configuration list for PBXNativeTarget "surfgen" */ = {
			isa = XCConfigurationList;
			buildConfigurations = (
				006678CD23C0A121004494DA /* Debug */,
				006678CE23C0A121004494DA /* Release */,
			);
			defaultConfigurationIsVisible = 0;
			defaultConfigurationName = Release;
		};
		008B56DE23C3AC9B0020E720 /* Build configuration list for PBXNativeTarget "YamlParser" */ = {
			isa = XCConfigurationList;
			buildConfigurations = (
				008B56DF23C3AC9B0020E720 /* Debug */,
				008B56E023C3AC9B0020E720 /* Release */,
			);
			defaultConfigurationIsVisible = 0;
			defaultConfigurationName = Release;
		};
		008B56E123C3AC9B0020E720 /* Build configuration list for PBXNativeTarget "YamlParserTests" */ = {
			isa = XCConfigurationList;
			buildConfigurations = (
				008B56E223C3AC9B0020E720 /* Debug */,
				008B56E323C3AC9B0020E720 /* Release */,
			);
			defaultConfigurationIsVisible = 0;
			defaultConfigurationName = Release;
		};
		00FB141C23D46BDF00B426D7 /* Build configuration list for PBXNativeTarget "SurfGenKit" */ = {
			isa = XCConfigurationList;
			buildConfigurations = (
				00FB141823D46BDF00B426D7 /* Debug */,
				00FB141923D46BDF00B426D7 /* Release */,
			);
			defaultConfigurationIsVisible = 0;
			defaultConfigurationName = Release;
		};
		00FB141D23D46BDF00B426D7 /* Build configuration list for PBXNativeTarget "SurfGenKitTests" */ = {
			isa = XCConfigurationList;
			buildConfigurations = (
				00FB141A23D46BDF00B426D7 /* Debug */,
				00FB141B23D46BDF00B426D7 /* Release */,
			);
			defaultConfigurationIsVisible = 0;
			defaultConfigurationName = Release;
		};
/* End XCConfigurationList section */

/* Begin XCRemoteSwiftPackageReference section */
		00FB144B23D46CA400B426D7 /* XCRemoteSwiftPackageReference "Stencil" */ = {
			isa = XCRemoteSwiftPackageReference;
			repositoryURL = "https://github.com/stencilproject/Stencil.git";
			requirement = {
				kind = upToNextMajorVersion;
				minimumVersion = 0.13.1;
			};
		};
		860FA52023D256B300649940 /* XCRemoteSwiftPackageReference "SwagGen" */ = {
			isa = XCRemoteSwiftPackageReference;
			repositoryURL = "https://github.com/JohnReeze/SwagGen/";
			requirement = {
				kind = revision;
				revision = b89c88b02af99365acfbd78cfeb94ab66b6857f5;
			};
		};
		8648406B23DE36BB008267A7 /* XCRemoteSwiftPackageReference "SwiftCLI" */ = {
			isa = XCRemoteSwiftPackageReference;
			repositoryURL = "https://github.com/jakeheis/SwiftCLI";
			requirement = {
				kind = exactVersion;
				version = 5.3.3;
			};
		};
/* End XCRemoteSwiftPackageReference section */

/* Begin XCSwiftPackageProductDependency section */
		00FB144C23D46CA400B426D7 /* Stencil */ = {
			isa = XCSwiftPackageProductDependency;
			package = 00FB144B23D46CA400B426D7 /* XCRemoteSwiftPackageReference "Stencil" */;
			productName = Stencil;
		};
		860FA52123D256B300649940 /* Swagger */ = {
			isa = XCSwiftPackageProductDependency;
			package = 860FA52023D256B300649940 /* XCRemoteSwiftPackageReference "SwagGen" */;
			productName = Swagger;
		};
		860FA52323D256BB00649940 /* Swagger */ = {
			isa = XCSwiftPackageProductDependency;
			package = 860FA52023D256B300649940 /* XCRemoteSwiftPackageReference "SwagGen" */;
			productName = Swagger;
		};
		8648406C23DE36BB008267A7 /* SwiftCLI */ = {
			isa = XCSwiftPackageProductDependency;
			package = 8648406B23DE36BB008267A7 /* XCRemoteSwiftPackageReference "SwiftCLI" */;
			productName = SwiftCLI;
		};
/* End XCSwiftPackageProductDependency section */
	};
	rootObject = 006678B423C0A121004494DA /* Project object */;
}
